
Microsoft Visual Studio Solution File, Format Version 12.00
# Visual Studio Version 17
VisualStudioVersion = 17.10.34928.147
MinimumVisualStudioVersion = 10.0.40219.1
Project("{FAE04EC0-301F-11D3-BF4B-00C04F79EFBC}") = "Voter_API", "Voter_API\Voter_API.csproj", "{ADFFC2F1-D43C-457A-A421-31B272E3D6F3}"
EndProject
Global
	GlobalSection(SolutionConfigurationPlatforms) = preSolution
		Debug|Any CPU = Debug|Any CPU
		Release|Any CPU = Release|Any CPU
	EndGlobalSection
	GlobalSection(ProjectConfigurationPlatforms) = postSolution
		{ADFFC2F1-D43C-457A-A421-31B272E3D6F3}.Debug|Any CPU.ActiveCfg = Debug|Any CPU
		{ADFFC2F1-D43C-457A-A421-31B272E3D6F3}.Debug|Any CPU.Build.0 = Debug|Any CPU
		{ADFFC2F1-D43C-457A-A421-31B272E3D6F3}.Release|Any CPU.ActiveCfg = Release|Any CPU
		{ADFFC2F1-D43C-457A-A421-31B272E3D6F3}.Release|Any CPU.Build.0 = Release|Any CPU
	EndGlobalSection
	GlobalSection(SolutionProperties) = preSolution
		HideSolutionNode = FALSE
	EndGlobalSection
	GlobalSection(ExtensibilityGlobals) = postSolution
		SolutionGuid = {D68C2B26-DC41-47E0-B353-02419731CF22}
	EndGlobalSection
EndGlobal
